
Microsoft Visual Studio Solution File, Format Version 12.00
Project("{FAE04EC0-301F-11D3-BF4B-00C04F79EFBC}") = "Supportbank", "Supportbank.csproj", "{048E71C1-E2F3-4051-A87F-7094695F551E}"
EndProject
Global
	GlobalSection(SolutionConfigurationPlatforms) = preSolution
		Debug|Any CPU = Debug|Any CPU
		Release|Any CPU = Release|Any CPU
	EndGlobalSection
	GlobalSection(ProjectConfigurationPlatforms) = postSolution
		{048E71C1-E2F3-4051-A87F-7094695F551E}.Debug|Any CPU.ActiveCfg = Debug|Any CPU
		{048E71C1-E2F3-4051-A87F-7094695F551E}.Debug|Any CPU.Build.0 = Debug|Any CPU
		{048E71C1-E2F3-4051-A87F-7094695F551E}.Release|Any CPU.ActiveCfg = Release|Any CPU
		{048E71C1-E2F3-4051-A87F-7094695F551E}.Release|Any CPU.Build.0 = Release|Any CPU
	EndGlobalSection
EndGlobal
